
Microsoft Visual Studio Solution File, Format Version 12.00
# Visual Studio Version 16
VisualStudioVersion = 16.0.30114.105
MinimumVisualStudioVersion = 10.0.40219.1
Project("{FAE04EC0-301F-11D3-BF4B-00C04F79EFBC}") = "Cryp10", "Cryp10\Cryp10.csproj", "{C1E4D53E-34F1-4EAB-BCA4-78E2D0934F65}"
EndProject
Project("{FAE04EC0-301F-11D3-BF4B-00C04F79EFBC}") = "Cryp10.FileLock", "Cryp10.FileLock\Cryp10.FileLock.csproj", "{F24BE21D-18BC-4B88-AB9D-F8841E115A87}"
EndProject
Global
	GlobalSection(SolutionConfigurationPlatforms) = preSolution
		Debug|Any CPU = Debug|Any CPU
		Release|Any CPU = Release|Any CPU
	EndGlobalSection
	GlobalSection(ProjectConfigurationPlatforms) = postSolution
		{C1E4D53E-34F1-4EAB-BCA4-78E2D0934F65}.Debug|Any CPU.ActiveCfg = Debug|Any CPU
		{C1E4D53E-34F1-4EAB-BCA4-78E2D0934F65}.Debug|Any CPU.Build.0 = Debug|Any CPU
		{C1E4D53E-34F1-4EAB-BCA4-78E2D0934F65}.Release|Any CPU.ActiveCfg = Release|Any CPU
		{C1E4D53E-34F1-4EAB-BCA4-78E2D0934F65}.Release|Any CPU.Build.0 = Release|Any CPU
		{F24BE21D-18BC-4B88-AB9D-F8841E115A87}.Debug|Any CPU.ActiveCfg = Debug|Any CPU
		{F24BE21D-18BC-4B88-AB9D-F8841E115A87}.Debug|Any CPU.Build.0 = Debug|Any CPU
		{F24BE21D-18BC-4B88-AB9D-F8841E115A87}.Release|Any CPU.ActiveCfg = Release|Any CPU
		{F24BE21D-18BC-4B88-AB9D-F8841E115A87}.Release|Any CPU.Build.0 = Release|Any CPU
	EndGlobalSection
	GlobalSection(SolutionProperties) = preSolution
		HideSolutionNode = FALSE
	EndGlobalSection
	GlobalSection(ExtensibilityGlobals) = postSolution
		SolutionGuid = {55A27057-0A5E-47A5-9C8F-65B0E899545D}
	EndGlobalSection
EndGlobal
